
Microsoft Visual Studio Solution File, Format Version 12.00
# Visual Studio Version 17
VisualStudioVersion = 17.14.36511.14
MinimumVisualStudioVersion = 10.0.40219.1
Project("{FAE04EC0-301F-11D3-BF4B-00C04F79EFBC}") = "DCS-SRS-RecordingClient.UI", "DCS-SRS-RecordingClient.UI\DCS-SRS-RecordingClient.UI.csproj", "{AE77CA58-7DC8-4ED0-BE2E-C66B2C88E693}"
EndProject
Project("{FAE04EC0-301F-11D3-BF4B-00C04F79EFBC}") = "DCS-SRS-RecordingClient.CLI", "DCS-SRS-RecordingClient.CLI\DCS-SRS-RecordingClient.CLI.csproj", "{AD777114-1A73-4962-A56B-8E6F5629929C}"
EndProject
Project("{FAE04EC0-301F-11D3-BF4B-00C04F79EFBC}") = "Common", "External\SRS\Common\Common.csproj", "{80F64472-8660-89E1-9A75-EDF29B22E949}"
EndProject
Project("{FAE04EC0-301F-11D3-BF4B-00C04F79EFBC}") = "Core", "Core\Core.csproj", "{EAE8FBED-A426-4237-9123-C6B3D27D0493}"
EndProject
Global
	GlobalSection(SolutionConfigurationPlatforms) = preSolution
		Debug|Any CPU = Debug|Any CPU
		Debug|x64 = Debug|x64
		Release|Any CPU = Release|Any CPU
		Release|x64 = Release|x64
	EndGlobalSection
	GlobalSection(ProjectConfigurationPlatforms) = postSolution
		{AE77CA58-7DC8-4ED0-BE2E-C66B2C88E693}.Debug|Any CPU.ActiveCfg = Debug|Any CPU
		{AE77CA58-7DC8-4ED0-BE2E-C66B2C88E693}.Debug|Any CPU.Build.0 = Debug|Any CPU
		{AE77CA58-7DC8-4ED0-BE2E-C66B2C88E693}.Debug|x64.ActiveCfg = Debug|x64
		{AE77CA58-7DC8-4ED0-BE2E-C66B2C88E693}.Debug|x64.Build.0 = Debug|x64
		{AE77CA58-7DC8-4ED0-BE2E-C66B2C88E693}.Release|Any CPU.ActiveCfg = Release|Any CPU
		{AE77CA58-7DC8-4ED0-BE2E-C66B2C88E693}.Release|Any CPU.Build.0 = Release|Any CPU
		{AE77CA58-7DC8-4ED0-BE2E-C66B2C88E693}.Release|x64.ActiveCfg = Release|x64
		{AE77CA58-7DC8-4ED0-BE2E-C66B2C88E693}.Release|x64.Build.0 = Release|x64
		{AD777114-1A73-4962-A56B-8E6F5629929C}.Debug|Any CPU.ActiveCfg = Debug|Any CPU
		{AD777114-1A73-4962-A56B-8E6F5629929C}.Debug|Any CPU.Build.0 = Debug|Any CPU
		{AD777114-1A73-4962-A56B-8E6F5629929C}.Debug|x64.ActiveCfg = Debug|x64
		{AD777114-1A73-4962-A56B-8E6F5629929C}.Debug|x64.Build.0 = Debug|x64
		{AD777114-1A73-4962-A56B-8E6F5629929C}.Release|Any CPU.ActiveCfg = Release|Any CPU
		{AD777114-1A73-4962-A56B-8E6F5629929C}.Release|Any CPU.Build.0 = Release|Any CPU
		{AD777114-1A73-4962-A56B-8E6F5629929C}.Release|x64.ActiveCfg = Release|x64
		{AD777114-1A73-4962-A56B-8E6F5629929C}.Release|x64.Build.0 = Release|x64
		{80F64472-8660-89E1-9A75-EDF29B22E949}.Debug|Any CPU.ActiveCfg = Debug|Any CPU
		{80F64472-8660-89E1-9A75-EDF29B22E949}.Debug|Any CPU.Build.0 = Debug|Any CPU
		{80F64472-8660-89E1-9A75-EDF29B22E949}.Debug|x64.ActiveCfg = Debug|x64
		{80F64472-8660-89E1-9A75-EDF29B22E949}.Debug|x64.Build.0 = Debug|x64
		{80F64472-8660-89E1-9A75-EDF29B22E949}.Release|Any CPU.ActiveCfg = Release|Any CPU
		{80F64472-8660-89E1-9A75-EDF29B22E949}.Release|Any CPU.Build.0 = Release|Any CPU
		{80F64472-8660-89E1-9A75-EDF29B22E949}.Release|x64.ActiveCfg = Release|x64
		{80F64472-8660-89E1-9A75-EDF29B22E949}.Release|x64.Build.0 = Release|x64
		{EAE8FBED-A426-4237-9123-C6B3D27D0493}.Debug|Any CPU.ActiveCfg = Debug|Any CPU
		{EAE8FBED-A426-4237-9123-C6B3D27D0493}.Debug|Any CPU.Build.0 = Debug|Any CPU
		{EAE8FBED-A426-4237-9123-C6B3D27D0493}.Debug|x64.ActiveCfg = Debug|x64
		{EAE8FBED-A426-4237-9123-C6B3D27D0493}.Debug|x64.Build.0 = Debug|x64
		{EAE8FBED-A426-4237-9123-C6B3D27D0493}.Release|Any CPU.ActiveCfg = Release|Any CPU
		{EAE8FBED-A426-4237-9123-C6B3D27D0493}.Release|Any CPU.Build.0 = Release|Any CPU
		{EAE8FBED-A426-4237-9123-C6B3D27D0493}.Release|x64.ActiveCfg = Release|x64
		{EAE8FBED-A426-4237-9123-C6B3D27D0493}.Release|x64.Build.0 = Release|x64
	EndGlobalSection
	GlobalSection(SolutionProperties) = preSolution
		HideSolutionNode = FALSE
	EndGlobalSection
	GlobalSection(ExtensibilityGlobals) = postSolution
		SolutionGuid = {A69D52EC-5151-4003-AFE5-F5A8993F7A45}
	EndGlobalSection
EndGlobal
